schema: '2.0'
stages:
  data_ingestion:
    cmd: python src/data_ingestion.py
    deps:
    - path: src/data_ingestion.py
      hash: md5
      md5: 9e4744c40ffde54c237ef74690428484
      size: 2922
    params:
      params.yaml:
        data_ingestion.test_size: 0.2
    outs:
    - path: data/raw
      hash: md5
      md5: 58b8000f22d0825d0a3e5ca09a312c83.dir
      size: 490182
      nfiles: 2
  data_preprocessing:
    cmd: python src/data_preprocessing.py
    deps:
    - path: data/raw
      hash: md5
      md5: 58b8000f22d0825d0a3e5ca09a312c83.dir
      size: 490182
      nfiles: 2
    - path: src/data_preprocessing.py
      hash: md5
      md5: 748cc4d7280056bd5179d8a6903fd642
      size: 2793
    outs:
    - path: data/interim
      hash: md5
      md5: 2a4da2429c9222a71925f7c8b4ece922.dir
      size: 268272
      nfiles: 2
  feature_engg:
    cmd: python src/feature_engg.py
    deps:
    - path: data/interim
      hash: md5
      md5: 2a4da2429c9222a71925f7c8b4ece922.dir
      size: 268272
      nfiles: 2
    - path: src/feature_engg.py
      hash: md5
      md5: e386241a06c50215ab73bacf787d26bf
      size: 3293
    params:
      params.yaml:
        feature_engg.max_features: 35
    outs:
    - path: data/processed
      hash: md5
      md5: feb4c6be646d58d43629f9d89e77ef87.dir
      size: 843448
      nfiles: 2
  model_building:
    cmd: python src/model_building.py
    deps:
    - path: data/processed
      hash: md5
      md5: feb4c6be646d58d43629f9d89e77ef87.dir
      size: 843448
      nfiles: 2
    - path: src/model_building.py
      hash: md5
      md5: 1715558ff79adc97b89b9fe63469e36d
      size: 3025
    params:
      params.yaml:
        model_building.n_estimators: 22
        model_building.random_state: 2
    outs:
    - path: models/model.pkl
      hash: md5
      md5: 1fdca75602830d88b8b7acebdab7fc15
      size: 733596
